PODS:
  - IQKeyboardManagerSwift (6.0.3)
  - SDWebImage (3.8.2):
    - SDWebImage/Core (= 3.8.2)
  - SDWebImage/Core (3.8.2)

DEPENDENCIES:
  - IQKeyboardManagerSwift
  - SDWebImage (~> 3.8)

SPEC REPOS:
  https://github.com/cocoapods/specs.git:
    - IQKeyboardManagerSwift
    - SDWebImage

SPEC CHECKSUMS:
  IQKeyboardManagerSwift: 04e8679f85e496bb2c474eeb9284052f1b3c391c
  SDWebImage: 098e97e6176540799c27e804c96653ee0833d13c

PODFILE CHECKSUM: 19d34c7c831ea1943d701890b8ff19e8746bc44d

COCOAPODS: 1.5.3
